<?xml version="1.0" encoding="utf-8"?>
<Project ToolsVersion="4.0" xmlns="http://schemas.microsoft.com/developer/msbuild/2003">
  <ItemGroup>
    <Filter Include="Parchment">
      <UniqueIdentifier>{67BEE613-D328-9B8A-1C67-4C30881079DF}</UniqueIdentifier>
    </Filter>
    <Filter Include="Parchment\Events">
      <UniqueIdentifier>{6B5017AB-5749-36FD-807B-1B826CD31509}</UniqueIdentifier>
    </Filter>
  </ItemGroup>
  <ItemGroup>
    <ClInclude Include="Src\Parchment.h" />
    <ClInclude Include="Src\Parchment\Application.h">
      <Filter>Parchment</Filter>
    </ClInclude>
    <ClInclude Include="Src\Parchment\Core.h">
      <Filter>Parchment</Filter>
    </ClInclude>
    <ClInclude Include="Src\Parchment\EntryPoint.h">
      <Filter>Parchment</Filter>
    </ClInclude>
    <ClInclude Include="Src\Parchment\Events\ApplicationEvent.h">
      <Filter>Parchment\Events</Filter>
    </ClInclude>
    <ClInclude Include="Src\Parchment\Events\Event.h">
      <Filter>Parchment\Events</Filter>
    </ClInclude>
    <ClInclude Include="Src\Parchment\Events\KeyEvent.h">
      <Filter>Parchment\Events</Filter>
    </ClInclude>
    <ClInclude Include="Src\Parchment\Events\MouseEvent.h">
      <Filter>Parchment\Events</Filter>
    </ClInclude>
    <ClInclude Include="Src\Parchment\Log.h">
      <Filter>Parchment</Filter>
    </ClInclude>
    <ClInclude Include="Src\Pchpch.h" />
  </ItemGroup>
  <ItemGroup>
    <ClCompile Include="Src\Parchment\Application.cpp">
      <Filter>Parchment</Filter>
    </ClCompile>
    <ClCompile Include="Src\Parchment\Log.cpp">
      <Filter>Parchment</Filter>
    </ClCompile>
    <ClCompile Include="Src\Pchpch.cpp" />
  </ItemGroup>
</Project>